{
  "version": 4,
  "terraform_version": "1.5.2",
  "serial": 134,
  "lineage": "b9f97580-7a9d-bdd2-f25a-fa496171d5d6",
  "outputs": {},
  "resources": [
    {
      "mode": "managed",
      "type": "aws_eip",
      "name": "public_subnet_1_eip",
      "provider": "provider[\"registry.terraform.io/hashicorp/aws\"]",
      "instances": [
        {
          "schema_version": 0,
          "attributes": {
            "address": null,
            "allocation_id": "eipalloc-00afe5bd3b91eb7ec",
            "associate_with_private_ip": null,
            "association_id": "eipassoc-079571ec413a86f46",
            "carrier_ip": "",
            "customer_owned_ip": "",
            "customer_owned_ipv4_pool": "",
            "domain": "vpc",
            "id": "eipalloc-00afe5bd3b91eb7ec",
            "instance": "",
            "network_border_group": "us-east-1",
            "network_interface": "eni-0eb1b7828e1fc3698",
            "private_dns": "ip-10-124-1-30.ec2.internal",
            "private_ip": "10.124.1.30",
            "public_dns": "ec2-52-200-48-134.compute-1.amazonaws.com",
            "public_ip": "52.200.48.134",
            "public_ipv4_pool": "amazon",
            "tags": {
              "Name": "public_subnet_1_eip"
            },
            "tags_all": {
              "Name": "public_subnet_1_eip"
            },
            "timeouts": null,
            "vpc": true
          },
          "sensitive_attributes": [],
          "private": "eyJlMmJmYjczMC1lY2FhLTExZTYtOGY4OC0zNDM2M2JjN2M0YzAiOnsiZGVsZXRlIjoxODAwMDAwMDAwMDAsInJlYWQiOjkwMDAwMDAwMDAwMCwidXBkYXRlIjozMDAwMDAwMDAwMDB9fQ=="
        }
      ]
    },
    {
      "mode": "managed",
      "type": "aws_eip",
      "name": "public_subnet_2_eip",
      "provider": "provider[\"registry.terraform.io/hashicorp/aws\"]",
      "instances": [
        {
          "schema_version": 0,
          "attributes": {
            "address": null,
            "allocation_id": "eipalloc-04c9989411c463d3c",
            "associate_with_private_ip": null,
            "association_id": "eipassoc-0154fbcffe02dbc27",
            "carrier_ip": "",
            "customer_owned_ip": "",
            "customer_owned_ipv4_pool": "",
            "domain": "vpc",
            "id": "eipalloc-04c9989411c463d3c",
            "instance": "",
            "network_border_group": "us-east-1",
            "network_interface": "eni-0b8147048e790feff",
            "private_dns": "ip-10-124-3-38.ec2.internal",
            "private_ip": "10.124.3.38",
            "public_dns": "ec2-23-21-124-223.compute-1.amazonaws.com",
            "public_ip": "23.21.124.223",
            "public_ipv4_pool": "amazon",
            "tags": {
              "Name": "public_subnet_2_eip"
            },
            "tags_all": {
              "Name": "public_subnet_2_eip"
            },
            "timeouts": null,
            "vpc": true
          },
          "sensitive_attributes": [],
          "private": "eyJlMmJmYjczMC1lY2FhLTExZTYtOGY4OC0zNDM2M2JjN2M0YzAiOnsiZGVsZXRlIjoxODAwMDAwMDAwMDAsInJlYWQiOjkwMDAwMDAwMDAwMCwidXBkYXRlIjozMDAwMDAwMDAwMDB9fQ=="
        }
      ]
    }
  ],
  "check_results": null
}
